DEPENDENCIES
  apache2
  apt
  composer
  cron
  git
  lamp
    path: .
    metadata: true
  mysql
  nfs
  php
    git: git://github.com/sergiuionescu/php.git
    revision: 1bc5bceb2b71e73b9028b8f696adeb97e7efd487
  sendmail
  vim (= 1.1.2)
  yum-mysql-community
  yum-remi-chef

GRAPH
  apache2 (5.0.0)
  apt (6.1.3)
  build-essential (8.0.3)
    mingw (>= 1.1)
    seven_zip (>= 0.0.0)
  compat_resource (12.19.0)
  composer (2.6.1)
    apt (>= 0.0.0)
    php (>= 0.0.0)
    windows (>= 0.0.0)
  cron (4.1.3)
    compat_resource (>= 0.0.0)
  dmg (4.0.0)
  git (6.1.0)
    build-essential (>= 0.0.0)
    dmg (>= 0.0.0)
    yum-epel (>= 0.0.0)
  lamp (1.0.0)
    apache2 (>= 0.0.0)
    apt (>= 0.0.0)
    composer (>= 0.0.0)
    cron (>= 0.0.0)
    git (>= 0.0.0)
    mysql (>= 0.0.0)
    nfs (>= 0.0.0)
    php (>= 0.0.0)
    sendmail (>= 0.0.0)
    vim (>= 0.0.0)
    yum-mysql-community (>= 0.0.0)
    yum-remi-chef (>= 0.0.0)
  line (1.0.2)
  mingw (2.0.1)
    seven_zip (>= 0.0.0)
  mysql (8.4.0)
  nfs (2.4.1)
    line (>= 0.0.0)
    sysctl (>= 0.0.0)
  ohai (5.2.0)
  php (4.5.0)
    build-essential (>= 0.0.0)
    mysql (>= 6.0.0)
    yum-epel (>= 0.0.0)
  sendmail (0.1.0)
  seven_zip (2.0.2)
    windows (>= 1.2.2)
  sysctl (0.10.1)
    ohai (>= 4.0)
  vim (1.1.2)
  windows (3.1.2)
    ohai (>= 4.0.0)
  yum-epel (2.1.2)
    compat_resource (>= 12.16.3)
  yum-mysql-community (2.1.0)
    compat_resource (>= 12.16.3)
  yum-remi-chef (2.2.2)
    compat_resource (>= 12.16.3)
    yum-epel (>= 0.0.0)
