DEPENDENCIES
  apache2
  apt
  composer
  cron
  git
  lamp
    path: .
    metadata: true
  mysql
  nfs
    git: git://github.com/sergiuionescu/cookbook-nfs.git
    revision: 00a2c39a735287c03b1b4ce495bc7ddca146d933
  php
  sendmail
  vim (= 1.1.2)

GRAPH
  7-zip (1.0.2)
    windows (>= 1.2.2)
  apache2 (3.1.0)
  apt (3.0.0)
  build-essential (2.3.1)
    7-zip (>= 0.0.0)
  chef-sugar (3.3.0)
  chef_handler (1.3.0)
  composer (2.2.1)
    php (>= 0.0.0)
    windows (>= 0.0.0)
  cron (1.7.5)
  dmg (2.3.0)
  git (4.3.7)
    build-essential (>= 0.0.0)
    dmg (>= 0.0.0)
    windows (>= 0.0.0)
    yum-epel (>= 0.0.0)
  iis (4.1.6)
    windows (>= 1.34.6)
  lamp (0.3.0)
    apache2 (>= 0.0.0)
    apt (>= 0.0.0)
    composer (>= 0.0.0)
    cron (>= 0.0.0)
    git (>= 0.0.0)
    mysql (>= 0.0.0)
    nfs (>= 0.0.0)
    php (>= 0.0.0)
    sendmail (>= 0.0.0)
    vim (>= 0.0.0)
  line (0.6.3)
  mysql (6.1.3)
    smf (>= 0.0.0)
    yum-mysql-community (>= 0.0.0)
  nfs (2.2.5)
    line (>= 0.0.0)
    sysctl (>= 0.0.0)
  ohai (3.0.1)
  php (1.8.0)
    build-essential (>= 0.0.0)
    iis (>= 0.0.0)
    mysql (>= 6.0.0)
    windows (>= 0.0.0)
    xml (>= 0.0.0)
    yum-epel (>= 0.0.0)
  rbac (1.0.3)
  sendmail (0.1.0)
  smf (2.2.8)
    rbac (>= 1.0.1)
  sysctl (0.7.0)
    ohai (>= 0.0.0)
  vim (1.1.2)
  windows (1.39.2)
    chef_handler (>= 0.0.0)
  xml (2.0.0)
    build-essential (>= 0.0.0)
    chef-sugar (>= 0.0.0)
  yum (3.10.0)
  yum-epel (0.6.6)
    yum (~> 3.10.0)
  yum-mysql-community (0.1.21)
    yum (>= 3.2)
